{
  "name": "even-src",
  "version": "2.7.0",
  "lockfileVersion": 1,
  "requires": true,
  "dependencies": {
    "async-foreach": {
      "version": "0.1.3",
      "resolved": "http://registry.npm.taobao.org/async-foreach/download/async-foreach-0.1.3.tgz",
      "integrity": "sha1-NhIfhFwFeBct5Bmpfb6x0W7DRUI=",
      "dev": true
    },
    "asynckit": {
      "version": "0.4.0",
      "resolved": "http://registry.npm.taobao.org/asynckit/download/asynckit-0.4.0.tgz",
      "integrity": "sha1-x57Zf380y48robyXkLzDZkdLS3k=",
      "dev": true
    },
    "autoprefixer": {
      "version": "7.2.2",
      "resolved": "http://registry.npm.taobao.org/autoprefixer/download/autoprefixer-7.2.2.tgz",
      "integrity": "sha1-CCKTuWS+AGAu+sxZqkqn31FYu24=",
      "dev": true
    },
    "babel-core": {
      "version": "6.26.0",
      "resolved": "http://registry.npm.taobao.org/babel-core/download/babel-core-6.26.0.tgz",
      "integrity": "sha1-rzL3izGm/O8RnIew/Y2XU/A6C7g=",
      "dev": true,
      "dependencies": {
        "source-map": {
          "version": "0.5.7",
          "resolved": "http://registry.npm.taobao.org/source-map/download/source-map-0.5.7.tgz",
          "integrity": "sha1-igOdLRAh0i0eoUyA2OpGi6LvP8w="
        }
      }
    },
    "babel-loader": {
      "version": "7.1.2",
      "resolved": "http://registry.npm.taobao.org/babel-loader/download/babel-loader-7.1.2.tgz",
      "integrity": "sha1-9svhInEPGqKvTYgcbVtUNYyiQSY=",
      "dev": true
    },
    "babel-plugin-transform-runtime": {
      "version": "6.23.0",
      "resolved": "http://registry.npm.taobao.org/babel-plugin-transform-runtime/download/babel-plugin-transform-runtime-6.23.0.tgz",
      "integrity": "sha1-iEkNRGUC6puOfvsP4J7E2ZR5se4=",
      "dev": true
    },
    "babel-preset-es2015": {
      "version": "6.24.1",
      "resolved": "http://registry.npm.taobao.org/babel-preset-es2015/download/babel-preset-es2015-6.24.1.tgz",
      "integrity": "sha1-1EBQ1rwsn+6nAqrzjXJ6AhBTiTk=",
      "dev": true
    },
    "babel-preset-stage-2": {
      "version": "6.24.1",
      "resolved": "http://registry.npm.taobao.org/babel-preset-stage-2/download/babel-preset-stage-2-6.24.1.tgz",
      "integrity": "sha1-2eKWD7PXEYfw5k7sYrwHdnIZvcE=",
      "dev": true
    },
    "cross-spawn": {
      "version": "3.0.1",
      "resolved": "http://registry.npm.taobao.org/cross-spawn/download/cross-spawn-3.0.1.tgz",
      "integrity": "sha1-ElYDfsufDF9549bvE14wdwGEuYI=",
      "dev": true
    },
    "css-loader": {
      "version": "0.28.7",
      "resolved": "http://registry.npm.taobao.org/css-loader/download/css-loader-0.28.7.tgz",
      "integrity": "sha1-Xy7pid0y7dkHcX+VMxdlYWCZnBs=",
      "dev": true,
      "dependencies": {
        "ansi-styles": {
          "version": "2.2.1",
          "resolved": "http://registry.npm.taobao.org/ansi-styles/download/ansi-styles-2.2.1.tgz",
          "integrity": "sha1-tDLdM1i2NM914eRmQ2gkBTPB3b4="
        },
        "chalk": {
          "version": "1.1.3",
          "resolved": "http://registry.npm.taobao.org/chalk/download/chalk-1.1.3.tgz",
          "integrity": "sha1-qBFcVeSnAv5NFQq9OHKCKn4J/Jg=",
          "dependencies": {
            "supports-color": {
              "version": "2.0.0",
              "resolved": "http://registry.npm.taobao.org/supports-color/download/supports-color-2.0.0.tgz",
              "integrity": "sha1-U10EXOa2Nj+kARcIRimZXp3zJMc="
            }
          }
        },
        "has-flag": {
          "version": "1.0.0",
          "resolved": "http://registry.npm.taobao.org/has-flag/download/has-flag-1.0.0.tgz",
          "integrity": "sha1-nZ55MWXOAXoA8AQYxD+UKnsdEfo="
        },
        "postcss": {
          "version": "5.2.18",
          "resolved": "http://registry.npm.taobao.org/postcss/download/postcss-5.2.18.tgz",
          "integrity": "sha1-ut+hSX1GJE9jkPWLMZgw2RB4U8U="
        },
        "source-map": {
          "version": "0.5.7",
          "resolved": "http://registry.npm.taobao.org/source-map/download/source-map-0.5.7.tgz",
          "integrity": "sha1-igOdLRAh0i0eoUyA2OpGi6LvP8w="
        },
        "supports-color": {
          "version": "3.2.3",
          "resolved": "http://registry.npm.taobao.org/supports-color/download/supports-color-3.2.3.tgz",
          "integrity": "sha1-ZawFBLOVQXHYpklGsq48u4pfVPY="
        }
      }
    },
    "delayed-stream": {
      "version": "1.0.0",
      "resolved": "http://registry.npm.taobao.org/delayed-stream/download/delayed-stream-1.0.0.tgz",
      "integrity": "sha1-3zrhmayt+31ECqrgsp4icrJOxhk=",
      "dev": true
    },
    "escape-string-regexp": {
      "version": "1.0.5",
      "resolved": "http://registry.npm.taobao.org/escape-string-regexp/download/escape-string-regexp-1.0.5.tgz",
      "integrity": "sha1-G2HAViGQqN/2rjuyzwIAyhMLhtQ=",
      "dev": true
    },
    "expose-loader": {
      "version": "0.7.4",
      "resolved": "http://registry.npm.taobao.org/expose-loader/download/expose-loader-0.7.4.tgz",
      "integrity": "sha1-m83Th4tdqRB5MLVaA/Za/pCzMUo=",
      "dev": true
    },
    "extract-text-webpack-plugin": {
      "version": "3.0.2",
      "resolved": "http://registry.npm.taobao.org/extract-text-webpack-plugin/download/extract-text-webpack-plugin-3.0.2.tgz",
      "integrity": "sha1-XwQ+qgL5dQqSWLeMCm4NwUCPsvc=",
      "dev": true
    },
    "fast-json-stable-stringify": {
      "version": "2.0.0",
      "resolved": "http://registry.npm.taobao.org/fast-json-stable-stringify/download/fast-json-stable-stringify-2.0.0.tgz",
      "integrity": "sha1-1RQsDK7msRifh9OnYREGT4bIu/I=",
      "dev": true
    },
    "file-loader": {
      "version": "0.11.2",
      "resolved": "http://registry.npm.taobao.org/file-loader/download/file-loader-0.11.2.tgz",
      "integrity": "sha1-T/HfKK84cZpgmAk7iMgscdF5SjQ=",
      "dev": true
    },
    "forever-agent": {
      "version": "0.6.1",
      "resolved": "http://registry.npm.taobao.org/forever-agent/download/forever-agent-0.6.1.tgz",
      "integrity": "sha1-+8cfDEGt6zf5bFd60e1C2P2sypE=",
      "dev": true
    },
    "fstream": {
      "version": "1.0.11",
      "resolved": "http://registry.npm.taobao.org/fstream/download/fstream-1.0.11.tgz",
      "integrity": "sha1-XB+x8RdHcRTwYyoOtLcbPLD9MXE=",
      "dev": true
    },
    "gaze": {
      "version": "1.1.2",
      "resolved": "http://registry.npm.taobao.org/gaze/download/gaze-1.1.2.tgz",
      "integrity": "sha1-hHIkZ3rbiHDWeSV+0ziP22HkAQU=",
      "dev": true
    },
    "get-stdin": {
      "version": "4.0.1",
      "resolved": "http://registry.npm.taobao.org/get-stdin/download/get-stdin-4.0.1.tgz",
      "integrity": "sha1-uWjGsKBDhDJJAui/Gl3zJXmkUP4=",
      "dev": true
    },
    "glob": {
      "version": "7.1.2",
      "resolved": "http://registry.npm.taobao.org/glob/download/glob-7.1.2.tgz",
      "integrity": "sha1-wZyd+aAocC1nhhI4SmVSQExjbRU=",
      "dev": true
    },
    "graceful-fs": {
      "version": "4.1.11",
      "resolved": "http://registry.npm.taobao.org/graceful-fs/download/graceful-fs-4.1.11.tgz",
      "integrity": "sha1-Dovf5NHduIVNZOBOp8AOKgJuVlg=",
      "dev": true
    },
    "har-schema": {
      "version": "2.0.0",
      "resolved": "https://registry.npmjs.org/har-schema/-/har-schema-2.0.0.tgz",
      "integrity": "sha1-qUwiJOvKwEeCoNkDVSHyRzW37JI=",
      "dev": true
    },
    "has-ansi": {
      "version": "2.0.0",
      "resolved": "http://registry.npm.taobao.org/has-ansi/download/has-ansi-2.0.0.tgz",
      "integrity": "sha1-NPUEnOHs3ysGSa8+8k5F7TVBbZE=",
      "dev": true
    },
    "in-publish": {
      "version": "2.0.0",
      "resolved": "http://registry.npm.taobao.org/in-publish/download/in-publish-2.0.0.tgz",
      "integrity": "sha1-4g/146KvwmkDILbcVSaCqcf631E=",
      "dev": true
    },
    "is-typedarray": {
      "version": "1.0.0",
      "resolved": "http://registry.npm.taobao.org/is-typedarray/download/is-typedarray-1.0.0.tgz",
      "integrity": "sha1-5HnICFjfDBsR3dppQPlgEfzaSpo=",
      "dev": true
    },
    "isstream": {
      "version": "0.1.2",
      "resolved": "http://registry.npm.taobao.org/isstream/download/isstream-0.1.2.tgz",
      "integrity": "sha1-R+Y/evVa+m+S4VAOaQ64uFKcCZo=",
      "dev": true
    },
    "json-stringify-safe": {
      "version": "5.0.1",
      "resolved": "http://registry.npm.taobao.org/json-stringify-safe/download/json-stringify-safe-5.0.1.tgz",
      "integrity": "sha1-Epai1Y/UXxmg9s4B1lcB4sc1tus=",
      "dev": true
    },
    "jsprim": {
      "version": "1.4.1",
      "resolved": "http://registry.npm.taobao.org/jsprim/download/jsprim-1.4.1.tgz",
      "integrity": "sha1-MT5mvB5cwG5Di8G3SZwuXFastqI=",
      "dev": true,
      "dependencies": {
        "assert-plus": {
          "version": "1.0.0",
          "resolved": "http://registry.npm.taobao.org/assert-plus/download/assert-plus-1.0.0.tgz",
          "integrity": "sha1-8S4PPF13sLHN2RRpQuTpbB5N1SU="
        }
      }
    },
    "meow": {
      "version": "3.7.0",
      "resolved": "http://registry.npm.taobao.org/meow/download/meow-3.7.0.tgz",
      "integrity": "sha1-cstmi0JSKCkKu/qFaJJYcwioAfs=",
      "dev": true,
      "dependencies": {
        "minimist": {
          "version": "1.2.0",
          "resolved": "http://registry.npm.taobao.org/minimist/download/minimist-1.2.0.tgz",
          "integrity": "sha1-o1AIsg9BOD7sH7kU9M1d95omQoQ="
        }
      }
    },
    "mkdirp": {
      "version": "0.5.1",
      "resolved": "http://registry.npm.taobao.org/mkdirp/download/mkdirp-0.5.1.tgz",
      "integrity": "sha1-MAV0OOrGz3+MR2fzhkjWaX11yQM=",
      "dev": true
    },
    "node-sass": {
      "version": "4.13.1",
      "resolved": "https://registry.npmjs.org/node-sass/-/node-sass-4.13.1.tgz",
      "integrity": "sha512-TTWFx+ZhyDx1Biiez2nB0L3YrCZ/8oHagaDalbuBSlqXgUPsdkUSzJsVxeDO9LtPB49+Fh3WQl3slABo6AotNw==",
      "dev": true,
      "requires": {
        "async-foreach": "^0.1.3",
        "chalk": "^1.1.1",
        "cross-spawn": "^3.0.0",
        "gaze": "^1.0.0",
        "get-stdin": "^4.0.1",
        "glob": "^7.0.3",
        "in-publish": "^2.0.0",
        "lodash": "^4.17.15",
        "meow": "^3.7.0",
        "mkdirp": "^0.5.1",
        "nan": "^2.13.2",
        "node-gyp": "^3.8.0",
        "npmlog": "^4.0.0",
        "request": "^2.88.0",
        "sass-graph": "^2.2.4",
        "stdout-stream": "^1.4.0",
        "true-case-path": "^1.0.2"
      },
      "dependencies": {
        "ajv": {
          "version": "6.12.4",
          "resolved": "https://registry.npmjs.org/ajv/-/ajv-6.12.4.tgz",
          "integrity": "sha512-eienB2c9qVQs2KWexhkrdMLVDoIQCz5KSeLxwg9Lzk4DOfBtIK9PQwwufcsn1jjGuf9WZmqPMbGxOzfcuphJCQ==",
          "dev": true,
          "requires": {
            "fast-deep-equal": "^3.1.1",
            "fast-json-stable-stringify": "^2.0.0",
            "json-schema-traverse": "^0.4.1",
            "uri-js": "^4.2.2"
          }
        },
        "ansi-styles": {
          "version": "2.2.1",
          "resolved": "https://registry.npmjs.org/ansi-styles/-/ansi-styles-2.2.1.tgz",
          "integrity": "sha1-tDLdM1i2NM914eRmQ2gkBTPB3b4=",
          "dev": true
        },
        "assert-plus": {
          "version": "1.0.0",
          "resolved": "https://registry.npmjs.org/assert-plus/-/assert-plus-1.0.0.tgz",
          "integrity": "sha1-8S4PPF13sLHN2RRpQuTpbB5N1SU=",
          "dev": true
        },
        "aws-sign2": {
          "version": "0.7.0",
          "resolved": "https://registry.npmjs.org/aws-sign2/-/aws-sign2-0.7.0.tgz",
          "integrity": "sha1-tG6JCTSpWR8tL2+G1+ap8bP+dqg=",
          "dev": true
        },
        "aws4": {
          "version": "1.10.1",
          "resolved": "https://registry.npmjs.org/aws4/-/aws4-1.10.1.tgz",
          "integrity": "sha512-zg7Hz2k5lI8kb7U32998pRRFin7zJlkfezGJjUc2heaD4Pw2wObakCDVzkKztTm/Ln7eiVvYsjqak0Ed4LkMDA==",
          "dev": true
        },
        "caseless": {
          "version": "0.12.0",
          "resolved": "https://registry.npmjs.org/caseless/-/caseless-0.12.0.tgz",
          "integrity": "sha1-G2gcIf+EAzyCZUMJBolCDRhxUdw=",
          "dev": true
        },
        "chalk": {
          "version": "1.1.3",
          "resolved": "https://registry.npmjs.org/chalk/-/chalk-1.1.3.tgz",
          "integrity": "sha1-qBFcVeSnAv5NFQq9OHKCKn4J/Jg=",
          "dev": true,
          "requires": {
            "ansi-styles": "^2.2.1",
            "escape-string-regexp": "^1.0.2",
            "has-ansi": "^2.0.0",
            "strip-ansi": "^3.0.0",
            "supports-color": "^2.0.0"
          }
        },
        "combined-stream": {
          "version": "1.0.8",
          "resolved": "https://registry.npmjs.org/combined-stream/-/combined-stream-1.0.8.tgz",
          "integrity": "sha512-FQN4MRfuJeHf7cBbBMJFXhKSDq+2kAArBlmRBvcvFE5BB1HZKXtSFASDhdlz9zOYwxh8lDdnvmMOe/+5cdoEdg==",
          "dev": true,
          "requires": {
            "delayed-stream": "~1.0.0"
          }
        },
        "extend": {
          "version": "3.0.2",
          "resolved": "https://registry.npmjs.org/extend/-/extend-3.0.2.tgz",
          "integrity": "sha512-fjquC59cD7CyW6urNXK0FBufkZcoiGG80wTuPujX590cB5Ttln20E2UB4S/WARVqhXffZl2LNgS+gQdPIIim/g==",
          "dev": true
        },
        "fast-deep-equal": {
          "version": "3.1.3",
          "resolved": "https://registry.npmjs.org/fast-deep-equal/-/fast-deep-equal-3.1.3.tgz",
          "integrity": "sha512-f3qQ9oQy9j2AhBe/H9VC91wLmKBCCU/gDOnKNAYG5hswO7BLKj09Hc5HYNz9cGI++xlpDCIgDaitVs03ATR84Q==",
          "dev": true
        },
        "form-data": {
          "version": "2.3.3",
          "resolved": "https://registry.npmjs.org/form-data/-/form-data-2.3.3.tgz",
          "integrity": "sha512-1lLKB2Mu3aGP1Q/2eCOx0fNbRMe7XdwktwOruhfqqd0rIJWwN4Dh+E3hrPSlDCXnSR7UtZ1N38rVXm+6+MEhJQ==",
          "dev": true,
          "requires": {
            "asynckit": "^0.4.0",
            "combined-stream": "^1.0.6",
            "mime-types": "^2.1.12"
          }
        },
        "har-validator": {
          "version": "5.1.5",
          "resolved": "https://registry.npmjs.org/har-validator/-/har-validator-5.1.5.tgz",
          "integrity": "sha512-nmT2T0lljbxdQZfspsno9hgrG3Uir6Ks5afism62poxqBM6sDnMEuPmzTq8XN0OEwqKLLdh1jQI3qyE66Nzb3w==",
          "dev": true,
          "requires": {
            "ajv": "^6.12.3",
            "har-schema": "^2.0.0"
          }
        },
        "http-signature": {
          "version": "1.2.0",
          "resolved": "https://registry.npmjs.org/http-signature/-/http-signature-1.2.0.tgz",
          "integrity": "sha1-muzZJRFHcvPZW2WmCruPfBj7rOE=",
          "dev": true,
          "requires": {
            "assert-plus": "^1.0.0",
            "jsprim": "^1.2.2",
            "sshpk": "^1.7.0"
          }
        },
        "json-schema-traverse": {
          "version": "0.4.1",
          "resolved": "https://registry.npmjs.org/json-schema-traverse/-/json-schema-traverse-0.4.1.tgz",
          "integrity": "sha512-xbbCH5dCYU5T8LcEhhuh7HJ88HXuW3qsI3Y0zOZFKfZEHcpWiHU/Jxzk629Brsab/mMiHQti9wMP+845RPe3Vg==",
          "dev": true
        },
        "lodash": {
          "version": "4.17.20",
          "resolved": "https://registry.npmjs.org/lodash/-/lodash-4.17.20.tgz",
          "integrity": "sha512-PlhdFcillOINfeV7Ni6oF1TAEayyZBoZ8bcshTHqOYJYlrqzRK5hagpagky5o4HfCzzd1TRkXPMFq6cKk9rGmA==",
          "dev": true
        },
        "mime-db": {
          "version": "1.44.0",
          "resolved": "https://registry.npmjs.org/mime-db/-/mime-db-1.44.0.tgz",
          "integrity": "sha512-/NOTfLrsPBVeH7YtFPgsVWveuL+4SjjYxaQ1xtM1KMFj7HdxlBlxeyNLzhyJVx7r4rZGJAZ/6lkKCitSc/Nmpg==",
          "dev": true
        },
        "mime-types": {
          "version": "2.1.27",
          "resolved": "https://registry.npmjs.org/mime-types/-/mime-types-2.1.27.tgz",
          "integrity": "sha512-JIhqnCasI9yD+SsmkquHBxTSEuZdQX5BuQnS2Vc7puQQQ+8yiP5AY5uWhpdv4YL4VM5c6iliiYWPgJ/nJQLp7w==",
          "dev": true,
          "requires": {
            "mime-db": "1.44.0"
          }
        },
        "nan": {
          "version": "2.14.1",
          "resolved": "https://registry.npmjs.org/nan/-/nan-2.14.1.tgz",
          "integrity": "sha512-isWHgVjnFjh2x2yuJ/tj3JbwoHu3UC2dX5G/88Cm24yB6YopVgxvBObDY7n5xW6ExmFhJpSEQqFPvq9zaXc8Jw==",
          "dev": true
        },
        "node-gyp": {
          "version": "3.8.0",
          "resolved": "https://registry.npmjs.org/node-gyp/-/node-gyp-3.8.0.tgz",
          "integrity": "sha512-3g8lYefrRRzvGeSowdJKAKyks8oUpLEd/DyPV4eMhVlhJ0aNaZqIrNUIPuEWWTAoPqyFkfGrM67MC69baqn6vA==",
          "dev": true,
          "requires": {
            "fstream": "^1.0.0",
            "glob": "^7.0.3",
            "graceful-fs": "^4.1.2",
            "mkdirp": "^0.5.0",
            "nopt": "2 || 3",
            "npmlog": "0 || 1 || 2 || 3 || 4",
            "osenv": "0",
            "request": "^2.87.0",
            "rimraf": "2",
            "semver": "~5.3.0",
            "tar": "^2.0.0",
            "which": "1"
          }
        },
        "oauth-sign": {
          "version": "0.9.0",
          "resolved": "https://registry.npmjs.org/oauth-sign/-/oauth-sign-0.9.0.tgz",
          "integrity": "sha512-fexhUFFPTGV8ybAtSIGbV6gOkSv8UtRbDBnAyLQw4QPKkgNlsH2ByPGtMUqdWkos6YCRmAqViwgZrJc/mRDzZQ==",
          "dev": true
        },
        "punycode": {
          "version": "2.1.1",
          "resolved": "https://registry.npmjs.org/punycode/-/punycode-2.1.1.tgz",
          "integrity": "sha512-XRsRjdf+j5ml+y/6GKHPZbrF/8p2Yga0JPtdqTIY2Xe5ohJPD9saDJJLPvp9+NSBprVvevdXZybnj2cv8OEd0A==",
          "dev": true
        },
        "qs": {
          "version": "6.5.2",
          "resolved": "https://registry.npmjs.org/qs/-/qs-6.5.2.tgz",
          "integrity": "sha512-N5ZAX4/LxJmF+7wN74pUD6qAh9/wnvdQcjq9TZjevvXzSUo7bfmw91saqMjzGS2xq91/odN2dW/WOl7qQHNDGA==",
          "dev": true
        },
        "request": {
          "version": "2.88.2",
          "resolved": "https://registry.npmjs.org/request/-/request-2.88.2.tgz",
          "integrity": "sha512-MsvtOrfG9ZcrOwAW+Qi+F6HbD0CWXEh9ou77uOb7FM2WPhwT7smM833PzanhJLsgXjN89Ir6V2PczXNnMpwKhw==",
          "dev": true,
          "requires": {
            "aws-sign2": "~0.7.0",
            "aws4": "^1.8.0",
            "caseless": "~0.12.0",
            "combined-stream": "~1.0.6",
            "extend": "~3.0.2",
            "forever-agent": "~0.6.1",
            "form-data": "~2.3.2",
            "har-validator": "~5.1.3",
            "http-signature": "~1.2.0",
            "is-typedarray": "~1.0.0",
            "isstream": "~0.1.2",
            "json-stringify-safe": "~5.0.1",
            "mime-types": "~2.1.19",
            "oauth-sign": "~0.9.0",
            "performance-now": "^2.1.0",
            "qs": "~6.5.2",
            "safe-buffer": "^5.1.2",
            "tough-cookie": "~2.5.0",
            "tunnel-agent": "^0.6.0",
            "uuid": "^3.3.2"
          }
        },
        "safe-buffer": {
          "version": "5.2.1",
          "resolved": "https://registry.npmjs.org/safe-buffer/-/safe-buffer-5.2.1.tgz",
          "integrity": "sha512-rp3So07KcdmmKbGvgaNxQSJr7bGVSVk5S9Eq1F+ppbRo70+YeaDxkw5Dd8NPN+GD6bjnYm2VuPuCXmpuYvmCXQ==",
          "dev": true
        },
        "semver": {
          "version": "5.3.0",
          "resolved": "https://registry.npmjs.org/semver/-/semver-5.3.0.tgz",
          "integrity": "sha1-myzl094C0XxgEq0yaqa00M9U+U8=",
          "dev": true
        },
        "supports-color": {
          "version": "2.0.0",
          "resolved": "https://registry.npmjs.org/supports-color/-/supports-color-2.0.0.tgz",
          "integrity": "sha1-U10EXOa2Nj+kARcIRimZXp3zJMc=",
          "dev": true
        },
        "tough-cookie": {
          "version": "2.5.0",
          "resolved": "https://registry.npmjs.org/tough-cookie/-/tough-cookie-2.5.0.tgz",
          "integrity": "sha512-nlLsUzgm1kfLXSXfRZMc1KLAugd4hqJHDTvc2hDIwS3mZAfMEuMbc03SujMF+GEcpaX/qboeycw6iO8JwVv2+g==",
          "dev": true,
          "requires": {
            "psl": "^1.1.28",
            "punycode": "^2.1.1"
          }
        },
        "tunnel-agent": {
          "version": "0.6.0",
          "resolved": "https://registry.npmjs.org/tunnel-agent/-/tunnel-agent-0.6.0.tgz",
          "integrity": "sha1-J6XeoGs2sEoKmWZ3SykIaPD8QP0=",
          "dev": true,
          "requires": {
            "safe-buffer": "^5.0.1"
          }
        },
        "uuid": {
          "version": "3.4.0",
          "resolved": "https://registry.npmjs.org/uuid/-/uuid-3.4.0.tgz",
          "integrity": "sha512-HjSDRw6gZE5JMggctHBcjVak08+KEVhSIiDzFnT9S9aegmp85S/bReBVTb4QTFaRNptJ9kuYaNhnbNEOkbKb/A==",
          "dev": true
        }
      }
    },
    "nopt": {
      "version": "3.0.6",
      "resolved": "http://registry.npm.taobao.org/nopt/download/nopt-3.0.6.tgz",
      "integrity": "sha1-xkZdvwirzU2zWTF/eaxopkayj/k=",
      "dev": true
    },
    "npmlog": {
      "version": "4.1.2",
      "resolved": "http://registry.npm.taobao.org/npmlog/download/npmlog-4.1.2.tgz",
      "integrity": "sha1-CKfyqL9zRgR3mp76StXMcXq7lUs=",
      "dev": true
    },
    "osenv": {
      "version": "0.1.4",
      "resolved": "http://registry.npm.taobao.org/osenv/download/osenv-0.1.4.tgz",
      "integrity": "sha1-Qv5tWVPfBsgGS+bxdsPQWqqjRkQ=",
      "dev": true
    },
    "performance-now": {
      "version": "2.1.0",
      "resolved": "https://registry.npmjs.org/performance-now/-/performance-now-2.1.0.tgz",
      "integrity": "sha1-Ywn04OX6kT7BxpMHrjZLSzd8nns=",
      "dev": true
    },
    "postcss-loader": {
      "version": "2.0.9",
      "resolved": "http://registry.npm.taobao.org/postcss-loader/download/postcss-loader-2.0.9.tgz",
      "integrity": "sha1-AB/fe/7rFZQF7mHRu45ZtSjb0wk=",
      "dev": true
    },
    "psl": {
      "version": "1.8.0",
      "resolved": "https://registry.npmjs.org/psl/-/psl-1.8.0.tgz",
      "integrity": "sha512-RIdOzyoavK+hA18OGGWDqUTsCLhtA7IcZ/6NCs4fFJaHBDab+pDDmDIByWFRQJq2Cd7r1OoQxBGKOaztq+hjIQ==",
      "dev": true
    },
    "rimraf": {
      "version": "2.6.2",
      "resolved": "http://registry.npm.taobao.org/rimraf/download/rimraf-2.6.2.tgz",
      "integrity": "sha1-LtgVDSShbqhlHm1u8PR8QVjOejY=",
      "dev": true
    },
    "sass-graph": {
      "version": "2.2.4",
      "resolved": "http://registry.npm.taobao.org/sass-graph/download/sass-graph-2.2.4.tgz",
      "integrity": "sha1-E/vWPNHK8JCLn9k0dq1DpR0eC0k=",
      "dev": true
    },
    "sass-loader": {
      "version": "6.0.6",
      "resolved": "http://registry.npm.taobao.org/sass-loader/download/sass-loader-6.0.6.tgz",
      "integrity": "sha1-6dXmwfFV+qMqSybXqbcQfCJeQPk=",
      "dev": true
    },
    "sshpk": {
      "version": "1.13.1",
      "resolved": "http://registry.npm.taobao.org/sshpk/download/sshpk-1.13.1.tgz",
      "integrity": "sha1-US322mKHFEMW3EwY/hzx2UBzm+M=",
      "dev": true,
      "dependencies": {
        "assert-plus": {
          "version": "1.0.0",
          "resolved": "http://registry.npm.taobao.org/assert-plus/download/assert-plus-1.0.0.tgz",
          "integrity": "sha1-8S4PPF13sLHN2RRpQuTpbB5N1SU="
        }
      }
    },
    "stdout-stream": {
      "version": "1.4.0",
      "resolved": "http://registry.npm.taobao.org/stdout-stream/download/stdout-stream-1.4.0.tgz",
      "integrity": "sha1-osfIWH5U2UJ+qe2zrD8s1SLfN4s=",
      "dev": true
    },
    "strip-ansi": {
      "version": "3.0.1",
      "resolved": "http://registry.npm.taobao.org/strip-ansi/download/strip-ansi-3.0.1.tgz",
      "integrity": "sha1-ajhfuIU9lS1f8F0Oiq+UJ43GPc8=",
      "dev": true
    },
    "style-loader": {
      "version": "0.18.2",
      "resolved": "http://registry.npm.taobao.org/style-loader/download/style-loader-0.18.2.tgz",
      "integrity": "sha1-zDFFmvvNbYC3Ig7lSykan9Zv9es=",
      "dev": true
    },
    "tar": {
      "version": "2.2.1",
      "resolved": "http://registry.npm.taobao.org/tar/download/tar-2.2.1.tgz",
      "integrity": "sha1-jk0qJWwOIYXGsYrWlK7JaLg8sdE=",
      "dev": true
    },
    "true-case-path": {
      "version": "1.0.2",
      "resolved": "http://registry.npm.taobao.org/true-case-path/download/true-case-path-1.0.2.tgz",
      "integrity": "sha1-fskRMJJHZsf1c74wIMNPj9/QDWI=",
      "dev": true,
      "dependencies": {
        "glob": {
          "version": "6.0.4",
          "resolved": "http://registry.npm.taobao.org/glob/download/glob-6.0.4.tgz",
          "integrity": "sha1-DwiGD2oVUSey+t1PnOJLGqtuTSI="
        }
      }
    },
    "uglifyjs-webpack-plugin": {
      "version": "0.4.6",
      "resolved": "http://registry.npm.taobao.org/uglifyjs-webpack-plugin/download/uglifyjs-webpack-plugin-0.4.6.tgz",
      "integrity": "sha1-uVH0q7a9YX5m9j64kUmOORdj4wk=",
      "dev": true,
      "dependencies": {
        "source-map": {
          "version": "0.5.7",
          "resolved": "http://registry.npm.taobao.org/source-map/download/source-map-0.5.7.tgz",
          "integrity": "sha1-igOdLRAh0i0eoUyA2OpGi6LvP8w="
        }
      }
    },
    "uri-js": {
      "version": "4.4.0",
      "resolved": "https://registry.npmjs.org/uri-js/-/uri-js-4.4.0.tgz",
      "integrity": "sha512-B0yRTzYdUCCn9n+F4+Gh4yIDtMQcaJsmYBDsTSG8g/OejKBodLQ2IHfN3bM7jUsRXndopT7OIXWdYqc1fjmV6g==",
      "dev": true,
      "requires": {
        "punycode": "^2.1.0"
      },
      "dependencies": {
        "punycode": {
          "version": "2.1.1",
          "resolved": "https://registry.npmjs.org/punycode/-/punycode-2.1.1.tgz",
          "integrity": "sha512-XRsRjdf+j5ml+y/6GKHPZbrF/8p2Yga0JPtdqTIY2Xe5ohJPD9saDJJLPvp9+NSBprVvevdXZybnj2cv8OEd0A==",
          "dev": true
        }
      }
    },
    "url-loader": {
      "version": "0.5.9",
      "resolved": "http://registry.npm.taobao.org/url-loader/download/url-loader-0.5.9.tgz",
      "integrity": "sha1-zI/qgse5Bud3cBklCGnlaemVwpU=",
      "dev": true
    },
    "webpack": {
      "version": "3.10.0",
      "resolved": "http://registry.npm.taobao.org/webpack/download/webpack-3.10.0.tgz",
      "integrity": "sha1-UpG4dQeM8qv0K90jr+P4+WwX1yU=",
      "dev": true,
      "dependencies": {
        "ansi-regex": {
          "version": "3.0.0",
          "resolved": "http://registry.npm.taobao.org/ansi-regex/download/ansi-regex-3.0.0.tgz",
          "integrity": "sha1-7QMXwyIGT3lGbAKWa922Bas32Zg="
        },
        "camelcase": {
          "version": "4.1.0",
          "resolved": "http://registry.npm.taobao.org/camelcase/download/camelcase-4.1.0.tgz",
          "integrity": "sha1-1UVjW+HjPFQmScaRc+Xeas+uNN0="
        },
        "is-fullwidth-code-point": {
          "version": "2.0.0",
          "resolved": "http://registry.npm.taobao.org/is-fullwidth-code-point/download/is-fullwidth-code-point-2.0.0.tgz",
          "integrity": "sha1-o7MKXE8ZkYMWeqq5O+764937ZU8="
        },
        "load-json-file": {
          "version": "2.0.0",
          "resolved": "http://registry.npm.taobao.org/load-json-file/download/load-json-file-2.0.0.tgz",
          "integrity": "sha1-eUfkIUmvgNaWy/eXvKq8/h/inKg="
        },
        "os-locale": {
          "version": "2.1.0",
          "resolved": "http://registry.npm.taobao.org/os-locale/download/os-locale-2.1.0.tgz",
          "integrity": "sha1-QrwpAKa1uL0XN2yOiCtlr8zyS/I="
        },
        "path-type": {
          "version": "2.0.0",
          "resolved": "http://registry.npm.taobao.org/path-type/download/path-type-2.0.0.tgz",
          "integrity": "sha1-8BLMuEFbcJb8LaoQVMPXI4lZTHM="
        },
        "pify": {
          "version": "2.3.0",
          "resolved": "http://registry.npm.taobao.org/pify/download/pify-2.3.0.tgz",
          "integrity": "sha1-7RQaasBDqEnqWISY59yosVMw6Qw="
        },
        "read-pkg": {
          "version": "2.0.0",
          "resolved": "http://registry.npm.taobao.org/read-pkg/download/read-pkg-2.0.0.tgz",
          "integrity": "sha1-jvHAYjxqbbDcZxPEv6xGMysjaPg="
        },
        "read-pkg-up": {
          "version": "2.0.0",
          "resolved": "http://registry.npm.taobao.org/read-pkg-up/download/read-pkg-up-2.0.0.tgz",
          "integrity": "sha1-a3KoBImE4MQeeVEP1en6mbO1Sb4="
        },
        "source-map": {
          "version": "0.5.7",
          "resolved": "http://registry.npm.taobao.org/source-map/download/source-map-0.5.7.tgz",
          "integrity": "sha1-igOdLRAh0i0eoUyA2OpGi6LvP8w="
        },
        "string-width": {
          "version": "2.1.1",
          "resolved": "http://registry.npm.taobao.org/string-width/download/string-width-2.1.1.tgz",
          "integrity": "sha1-q5Pyeo3BPSjKyBXEYhQ6bZASrp4="
        },
        "strip-ansi": {
          "version": "4.0.0",
          "resolved": "http://registry.npm.taobao.org/strip-ansi/download/strip-ansi-4.0.0.tgz",
          "integrity": "sha1-qEeQIusaw2iocTibY1JixQXuNo8="
        },
        "strip-bom": {
          "version": "3.0.0",
          "resolved": "http://registry.npm.taobao.org/strip-bom/download/strip-bom-3.0.0.tgz",
          "integrity": "sha1-IzTBjpx1n3vdVv3vfprj1YjmjtM="
        },
        "which-module": {
          "version": "2.0.0",
          "resolved": "http://registry.npm.taobao.org/which-module/download/which-module-2.0.0.tgz",
          "integrity": "sha1-2e8H3Od7mQK4o6j6SzHD4/fm6Ho="
        },
        "yargs": {
          "version": "8.0.2",
          "resolved": "http://registry.npm.taobao.org/yargs/download/yargs-8.0.2.tgz",
          "integrity": "sha1-YpmpBVsc78lp/355wdkY3Osiw2A="
        },
        "yargs-parser": {
          "version": "7.0.0",
          "resolved": "http://registry.npm.taobao.org/yargs-parser/download/yargs-parser-7.0.0.tgz",
          "integrity": "sha1-jQrELxbqVd69MyyvTEA4s+P139k="
        }
      }
    },
    "which": {
      "version": "1.3.0",
      "resolved": "http://registry.npm.taobao.org/which/download/which-1.3.0.tgz",
      "integrity": "sha1-/wS9/AEO5UfXgL7DjhrBwnd9JTo=",
      "dev": true
    }
  }
}
